
Microsoft Visual Studio Solution File, Format Version 12.00
# Visual Studio Version 16
VisualStudioVersion = 16.0.31424.327
MinimumVisualStudioVersion = 10.0.40219.1
Project("{9A19103F-16F7-4668-BE54-9A1E7A4F7556}") = "7 Refactoring", "7 Refactoring\7 Refactoring.csproj", "{BD02AD8E-B855-4ABC-B593-7EDFC3E9C8B1}"
EndProject
Project("{FAE04EC0-301F-11D3-BF4B-00C04F79EFBC}") = "Test", "Test\Test.csproj", "{AE6B1DE7-0577-48DE-9A83-6CD031BF25FD}"
EndProject
Global
	GlobalSection(SolutionConfigurationPlatforms) = preSolution
		Debug|Any CPU = Debug|Any CPU
		Release|Any CPU = Release|Any CPU
	EndGlobalSection
	GlobalSection(ProjectConfigurationPlatforms) = postSolution
		{BD02AD8E-B855-4ABC-B593-7EDFC3E9C8B1}.Debug|Any CPU.ActiveCfg = Debug|Any CPU
		{BD02AD8E-B855-4ABC-B593-7EDFC3E9C8B1}.Debug|Any CPU.Build.0 = Debug|Any CPU
		{BD02AD8E-B855-4ABC-B593-7EDFC3E9C8B1}.Release|Any CPU.ActiveCfg = Release|Any CPU
		{BD02AD8E-B855-4ABC-B593-7EDFC3E9C8B1}.Release|Any CPU.Build.0 = Release|Any CPU
		{AE6B1DE7-0577-48DE-9A83-6CD031BF25FD}.Debug|Any CPU.ActiveCfg = Debug|Any CPU
		{AE6B1DE7-0577-48DE-9A83-6CD031BF25FD}.Debug|Any CPU.Build.0 = Debug|Any CPU
		{AE6B1DE7-0577-48DE-9A83-6CD031BF25FD}.Release|Any CPU.ActiveCfg = Release|Any CPU
		{AE6B1DE7-0577-48DE-9A83-6CD031BF25FD}.Release|Any CPU.Build.0 = Release|Any CPU
	EndGlobalSection
	GlobalSection(SolutionProperties) = preSolution
		HideSolutionNode = FALSE
	EndGlobalSection
	GlobalSection(ExtensibilityGlobals) = postSolution
		SolutionGuid = {45812C64-A23D-44AB-A81E-C3C0D9619EF0}
	EndGlobalSection
EndGlobal
